
Microsoft Visual Studio Solution File, Format Version 12.00
# Visual Studio Version 16
VisualStudioVersion = 16.0.30621.155
MinimumVisualStudioVersion = 10.0.40219.1
Project("{FAE04EC0-301F-11D3-BF4B-00C04F79EFBC}") = "IP Checker", "IP Checker\IP Checker.csproj", "{A5811275-0DC7-4742-AC24-2519451E3D25}"
EndProject
Project("{FAE04EC0-301F-11D3-BF4B-00C04F79EFBC}") = "IPCheckerNUnitTest", "IPCheckerNUnitTest\IPCheckerNUnitTest.csproj", "{2B9556B7-D3C0-4F24-9474-A95C18D8A12B}"
EndProject
Global
	GlobalSection(SolutionConfigurationPlatforms) = preSolution
		Debug|Any CPU = Debug|Any CPU
		Release|Any CPU = Release|Any CPU
	EndGlobalSection
	GlobalSection(ProjectConfigurationPlatforms) = postSolution
		{A5811275-0DC7-4742-AC24-2519451E3D25}.Debug|Any CPU.ActiveCfg = Debug|Any CPU
		{A5811275-0DC7-4742-AC24-2519451E3D25}.Debug|Any CPU.Build.0 = Debug|Any CPU
		{A5811275-0DC7-4742-AC24-2519451E3D25}.Release|Any CPU.ActiveCfg = Release|Any CPU
		{A5811275-0DC7-4742-AC24-2519451E3D25}.Release|Any CPU.Build.0 = Release|Any CPU
		{2B9556B7-D3C0-4F24-9474-A95C18D8A12B}.Debug|Any CPU.ActiveCfg = Debug|Any CPU
		{2B9556B7-D3C0-4F24-9474-A95C18D8A12B}.Debug|Any CPU.Build.0 = Debug|Any CPU
		{2B9556B7-D3C0-4F24-9474-A95C18D8A12B}.Release|Any CPU.ActiveCfg = Release|Any CPU
		{2B9556B7-D3C0-4F24-9474-A95C18D8A12B}.Release|Any CPU.Build.0 = Release|Any CPU
	EndGlobalSection
	GlobalSection(SolutionProperties) = preSolution
		HideSolutionNode = FALSE
	EndGlobalSection
	GlobalSection(ExtensibilityGlobals) = postSolution
		SolutionGuid = {D34CBC54-1594-4B88-BBF6-0483A4F9F693}
	EndGlobalSection
EndGlobal
